
Microsoft Visual Studio Solution File, Format Version 12.00
# Visual Studio Version 16
VisualStudioVersion = 16.0.31424.327
MinimumVisualStudioVersion = 10.0.40219.1
Project("{FAE04EC0-301F-11D3-BF4B-00C04F79EFBC}") = "DepartmentManagement", "DepartmentManagement\DepartmentManagement.csproj", "{1893CC86-F5B8-4019-982C-3AE3C27E7105}"
EndProject
Global
	GlobalSection(SolutionConfigurationPlatforms) = preSolution
		Debug|Any CPU = Debug|Any CPU
		Release|Any CPU = Release|Any CPU
	EndGlobalSection
	GlobalSection(ProjectConfigurationPlatforms) = postSolution
		{1893CC86-F5B8-4019-982C-3AE3C27E7105}.Debug|Any CPU.ActiveCfg = Debug|Any CPU
		{1893CC86-F5B8-4019-982C-3AE3C27E7105}.Debug|Any CPU.Build.0 = Debug|Any CPU
		{1893CC86-F5B8-4019-982C-3AE3C27E7105}.Release|Any CPU.ActiveCfg = Release|Any CPU
		{1893CC86-F5B8-4019-982C-3AE3C27E7105}.Release|Any CPU.Build.0 = Release|Any CPU
	EndGlobalSection
	GlobalSection(SolutionProperties) = preSolution
		HideSolutionNode = FALSE
	EndGlobalSection
	GlobalSection(ExtensibilityGlobals) = postSolution
		SolutionGuid = {4DA52BE8-0576-484A-9126-CA2E7C30798B}
	EndGlobalSection
EndGlobal
